{
  "requires": true,
  "lockfileVersion": 1,
  "dependencies": {
    "vuetify": {
      "version": "2.4.3",
      "resolved": "https://registry.npmjs.org/vuetify/-/vuetify-2.4.3.tgz",
      "integrity": "sha512-i2/Df0U0sedlaCbft4NMbna7WXbTCBhKVYTMjBrLVzrYTTWqzSO7ZCxLuDRY7MjwQhn7AOec7ent9U/NyIICqA=="
    }
  }
}
